# This file is automatically @generated by Cargo.
# It is not intended for manual editing.
version = 4

[[package]]
name = "Aoc2024"
version = "0.1.0"
dependencies = [
 "ceres_search",
 "historian_hysteria",
 "mull_it_over",
 "pretty-duration",
 "red_nosed_reports",
]

[[package]]
name = "ceres_search"
version = "0.1.0"

[[package]]
name = "historian_hysteria"
version = "0.1.0"

[[package]]
name = "mull_it_over"
version = "0.1.0"

[[package]]
name = "pretty-duration"
version = "0.1.1"
source = "registry+https://github.com/rust-lang/crates.io-index"
checksum = "d8868e7264af614b3634ff0abbe37b178e61000611b8a75221aea40221924aba"

[[package]]
name = "red_nosed_reports"
version = "0.1.0"
